
Microsoft Visual Studio Solution File, Format Version 12.00
# Visual Studio Version 17
VisualStudioVersion = 17.13.35919.96 d17.13
MinimumVisualStudioVersion = 10.0.40219.1
Project("{FAE04EC0-301F-11D3-BF4B-00C04F79EFBC}") = "ContaCorrente.ConsoleApp", "ContaCorrente.ConsoleApp\ContaCorrente.ConsoleApp.csproj", "{75D088DB-4277-4B79-A153-AA914A491C74}"
EndProject
Global
	GlobalSection(SolutionConfigurationPlatforms) = preSolution
		Debug|Any CPU = Debug|Any CPU
		Release|Any CPU = Release|Any CPU
	EndGlobalSection
	GlobalSection(ProjectConfigurationPlatforms) = postSolution
		{75D088DB-4277-4B79-A153-AA914A491C74}.Debug|Any CPU.ActiveCfg = Debug|Any CPU
		{75D088DB-4277-4B79-A153-AA914A491C74}.Debug|Any CPU.Build.0 = Debug|Any CPU
		{75D088DB-4277-4B79-A153-AA914A491C74}.Release|Any CPU.ActiveCfg = Release|Any CPU
		{75D088DB-4277-4B79-A153-AA914A491C74}.Release|Any CPU.Build.0 = Release|Any CPU
	EndGlobalSection
	GlobalSection(SolutionProperties) = preSolution
		HideSolutionNode = FALSE
	EndGlobalSection
	GlobalSection(ExtensibilityGlobals) = postSolution
		SolutionGuid = {2AA27AF9-E3AE-484F-8774-45477256B498}
	EndGlobalSection
EndGlobal
